// !$*UTF8*$!
{
	archiveVersion = 1;
	classes = {
	};
	objectVersion = 50;
	objects = {

/* Begin PBXBuildFile section */
		654C6A51213E6040000405D2 /* OPFirstViewController.m in Sources */ = {isa = PBXBuildFile; fileRef = 654C6A50213E6040000405D2 /* OPFirstViewController.m */; };
		654C6A54213E604C000405D2 /* OPTwoViewController.m in Sources */ = {isa = PBXBuildFile; fileRef = 654C6A53213E604C000405D2 /* OPTwoViewController.m */; };
		654C6A57213E6057000405D2 /* OPThirdViewController.m in Sources */ = {isa = PBXBuildFile; fileRef = 654C6A56213E6057000405D2 /* OPThirdViewController.m */; };
		654C6A5A213E62D8000405D2 /* OPFourViewController.m in Sources */ = {isa = PBXBuildFile; fileRef = 654C6A59213E62D8000405D2 /* OPFourViewController.m */; };
		654C6A5D213E6434000405D2 /* OPVCAnnotion.m in Sources */ = {isa = PBXBuildFile; fileRef = 654C6A5C213E6434000405D2 /* OPVCAnnotion.m */; };
		6581DA7E21390842004AA766 /* AppDelegate.m in Sources */ = {isa = PBXBuildFile; fileRef = 6581DA7D21390842004AA766 /* AppDelegate.m */; };
		6581DA8121390842004AA766 /* ViewController.m in Sources */ = {isa = PBXBuildFile; fileRef = 6581DA8021390842004AA766 /* ViewController.m */; };
		6581DA8421390842004AA766 /* Main.storyboard in Resources */ = {isa = PBXBuildFile; fileRef = 6581DA8221390842004AA766 /* Main.storyboard */; };
		6581DA8621390843004AA766 /* Assets.xcassets in Resources */ = {isa = PBXBuildFile; fileRef = 6581DA8521390843004AA766 /* Assets.xcassets */; };
		6581DA8921390843004AA766 /* LaunchScreen.storyboard in Resources */ = {isa = PBXBuildFile; fileRef = 6581DA8721390843004AA766 /* LaunchScreen.storyboard */; };
		6581DA8C21390843004AA766 /* main.m in Sources */ = {isa = PBXBuildFile; fileRef = 6581DA8B21390843004AA766 /* main.m */; };
		6581DA9621390843004AA766 /* OPAnnotationTests.m in Sources */ = {isa = PBXBuildFile; fileRef = 6581DA9521390843004AA766 /* OPAnnotationTests.m */; };
		6581DAA121390843004AA766 /* OPAnnotationUITests.m in Sources */ = {isa = PBXBuildFile; fileRef = 6581DAA021390843004AA766 /* OPAnnotationUITests.m */; };
		6581DAB12139086B004AA766 /* OPBaseAnnotation.m in Sources */ = {isa = PBXBuildFile; fileRef = 6581DAB02139086B004AA766 /* OPBaseAnnotation.m */; };
		6581DAB42139092C004AA766 /* OPAnnotationManager.m in Sources */ = {isa = PBXBuildFile; fileRef = 6581DAB32139092C004AA766 /* OPAnnotationManager.m */; };
		6581DAB821391184004AA766 /* NSObject+OPAnnotation.m in Sources */ = {isa = PBXBuildFile; fileRef = 6581DAB721391184004AA766 /* NSObject+OPAnnotation.m */; };
/* End PBXBuildFile section */

/* Begin PBXContainerItemProxy section */
		6581DA9221390843004AA766 /* PBXContainerItemProxy */ = {
			isa = PBXContainerItemProxy;
			containerPortal = 6581DA7121390841004AA766 /* Project object */;
			proxyType = 1;
			remoteGlobalIDString = 6581DA7821390842004AA766;
			remoteInfo = OPAnnotation;
		};
		6581DA9D21390843004AA766 /* PBXContainerItemProxy */ = {
			isa = PBXContainerItemProxy;
			containerPortal = 6581DA7121390841004AA766 /* Project object */;
			proxyType = 1;
			remoteGlobalIDString = 6581DA7821390842004AA766;
			remoteInfo = OPAnnotation;
		};
/* End PBXContainerItemProxy section */

/* Begin PBXFileReference section */
		654C6A4F213E6040000405D2 /* OPFirstViewController.h */ = {isa = PBXFileReference; lastKnownFileType = sourcecode.c.h; path = OPFirstViewController.h; sourceTree = "<group>"; };
		654C6A50213E6040000405D2 /* OPFirstViewController.m */ = {isa = PBXFileReference; lastKnownFileType = sourcecode.c.objc; path = OPFirstViewController.m; sourceTree = "<group>"; };
		654C6A52213E604C000405D2 /* OPTwoViewController.h */ = {isa = PBXFileReference; lastKnownFileType = sourcecode.c.h; path = OPTwoViewController.h; sourceTree = "<group>"; };
		654C6A53213E604C000405D2 /* OPTwoViewController.m */ = {isa = PBXFileReference; lastKnownFileType = sourcecode.c.objc; path = OPTwoViewController.m; sourceTree = "<group>"; };
		654C6A55213E6057000405D2 /* OPThirdViewController.h */ = {isa = PBXFileReference; lastKnownFileType = sourcecode.c.h; path = OPThirdViewController.h; sourceTree = "<group>"; };
		654C6A56213E6057000405D2 /* OPThirdViewController.m */ = {isa = PBXFileReference; lastKnownFileType = sourcecode.c.objc; path = OPThirdViewController.m; sourceTree = "<group>"; };
		654C6A58213E62D8000405D2 /* OPFourViewController.h */ = {isa = PBXFileReference; lastKnownFileType = sourcecode.c.h; path = OPFourViewController.h; sourceTree = "<group>"; };
		654C6A59213E62D8000405D2 /* OPFourViewController.m */ = {isa = PBXFileReference; lastKnownFileType = sourcecode.c.objc; path = OPFourViewController.m; sourceTree = "<group>"; };
		654C6A5B213E6434000405D2 /* OPVCAnnotion.h */ = {isa = PBXFileReference; lastKnownFileType = sourcecode.c.h; path = OPVCAnnotion.h; sourceTree = "<group>"; };
		654C6A5C213E6434000405D2 /* OPVCAnnotion.m */ = {isa = PBXFileReference; lastKnownFileType = sourcecode.c.objc; path = OPVCAnnotion.m; sourceTree = "<group>"; };
		6581DA7921390842004AA766 /* OPAnnotation.app */ = {isa = PBXFileReference; explicitFileType = wrapper.application; includeInIndex = 0; path = OPAnnotation.app; sourceTree = BUILT_PRODUCTS_DIR; };
		6581DA7C21390842004AA766 /* AppDelegate.h */ = {isa = PBXFileReference; lastKnownFileType = sourcecode.c.h; path = AppDelegate.h; sourceTree = "<group>"; };
		6581DA7D21390842004AA766 /* AppDelegate.m */ = {isa = PBXFileReference; lastKnownFileType = sourcecode.c.objc; path = AppDelegate.m; sourceTree = "<group>"; };
		6581DA7F21390842004AA766 /* ViewController.h */ = {isa = PBXFileReference; lastKnownFileType = sourcecode.c.h; path = ViewController.h; sourceTree = "<group>"; };
		6581DA8021390842004AA766 /* ViewController.m */ = {isa = PBXFileReference; lastKnownFileType = sourcecode.c.objc; path = ViewController.m; sourceTree = "<group>"; };
		6581DA8321390842004AA766 /* Base */ = {isa = PBXFileReference; lastKnownFileType = file.storyboard; name = Base; path = Base.lproj/Main.storyboard; sourceTree = "<group>"; };
		6581DA8521390843004AA766 /* Assets.xcassets */ = {isa = PBXFileReference; lastKnownFileType = folder.assetcatalog; path = Assets.xcassets; sourceTree = "<group>"; };
		6581DA8821390843004AA766 /* Base */ = {isa = PBXFileReference; lastKnownFileType = file.storyboard; name = Base; path = Base.lproj/LaunchScreen.storyboard; sourceTree = "<group>"; };
		6581DA8A21390843004AA766 /* Info.plist */ = {isa = PBXFileReference; lastKnownFileType = text.plist.xml; path = Info.plist; sourceTree = "<group>"; };
		6581DA8B21390843004AA766 /* main.m */ = {isa = PBXFileReference; lastKnownFileType = sourcecode.c.objc; path = main.m; sourceTree = "<group>"; };
		6581DA9121390843004AA766 /* OPAnnotationTests.xctest */ = {isa = PBXFileReference; explicitFileType = wrapper.cfbundle; includeInIndex = 0; path = OPAnnotationTests.xctest; sourceTree = BUILT_PRODUCTS_DIR; };
		6581DA9521390843004AA766 /* OPAnnotationTests.m */ = {isa = PBXFileReference; lastKnownFileType = sourcecode.c.objc; path = OPAnnotationTests.m; sourceTree = "<group>"; };
		6581DA9721390843004AA766 /* Info.plist */ = {isa = PBXFileReference; lastKnownFileType = text.plist.xml; path = Info.plist; sourceTree = "<group>"; };
		6581DA9C21390843004AA766 /* OPAnnotationUITests.xctest */ = {isa = PBXFileReference; explicitFileType = wrapper.cfbundle; includeInIndex = 0; path = OPAnnotationUITests.xctest; sourceTree = BUILT_PRODUCTS_DIR; };
		6581DAA021390843004AA766 /* OPAnnotationUITests.m */ = {isa = PBXFileReference; lastKnownFileType = sourcecode.c.objc; path = OPAnnotationUITests.m; sourceTree = "<group>"; };
		6581DAA221390843004AA766 /* Info.plist */ = {isa = PBXFileReference; lastKnownFileType = text.plist.xml; path = Info.plist; sourceTree = "<group>"; };
		6581DAAF2139086B004AA766 /* OPBaseAnnotation.h */ = {isa = PBXFileReference; lastKnownFileType = sourcecode.c.h; path = OPBaseAnnotation.h; sourceTree = "<group>"; };
		6581DAB02139086B004AA766 /* OPBaseAnnotation.m */ = {isa = PBXFileReference; lastKnownFileType = sourcecode.c.objc; path = OPBaseAnnotation.m; sourceTree = "<group>"; };
		6581DAB22139092C004AA766 /* OPAnnotationManager.h */ = {isa = PBXFileReference; lastKnownFileType = sourcecode.c.h; path = OPAnnotationManager.h; sourceTree = "<group>"; };
		6581DAB32139092C004AA766 /* OPAnnotationManager.m */ = {isa = PBXFileReference; lastKnownFileType = sourcecode.c.objc; path = OPAnnotationManager.m; sourceTree = "<group>"; };
		6581DAB5213909B7004AA766 /* OPHead.h */ = {isa = PBXFileReference; lastKnownFileType = sourcecode.c.h; path = OPHead.h; sourceTree = "<group>"; };
		6581DAB621391184004AA766 /* NSObject+OPAnnotation.h */ = {isa = PBXFileReference; lastKnownFileType = sourcecode.c.h; path = "NSObject+OPAnnotation.h"; sourceTree = "<group>"; };
		6581DAB721391184004AA766 /* NSObject+OPAnnotation.m */ = {isa = PBXFileReference; lastKnownFileType = sourcecode.c.objc; path = "NSObject+OPAnnotation.m"; sourceTree = "<group>"; };
		6581DABC2139308C004AA766 /* OPDefine.h */ = {isa = PBXFileReference; lastKnownFileType = sourcecode.c.h; path = OPDefine.h; sourceTree = "<group>"; };
/* End PBXFileReference section */

/* Begin PBXFrameworksBuildPhase section */
		6581DA7621390842004AA766 /* Frameworks */ = {
			isa = PBXFrameworksBuildPhase;
			buildActionMask = 2147483647;
			files = (
			);
			runOnlyForDeploymentPostprocessing = 0;
		};
		6581DA8E21390843004AA766 /* Frameworks */ = {
			isa = PBXFrameworksBuildPhase;
			buildActionMask = 2147483647;
			files = (
			);
			runOnlyForDeploymentPostprocessing = 0;
		};
		6581DA9921390843004AA766 /* Frameworks */ = {
			isa = PBXFrameworksBuildPhase;
			buildActionMask = 2147483647;
			files = (
			);
			runOnlyForDeploymentPostprocessing = 0;
		};
/* End PBXFrameworksBuildPhase section */

/* Begin PBXGroup section */
		6581DA7021390841004AA766 = {
			isa = PBXGroup;
			children = (
				6581DAAE2139084C004AA766 /* OP */,
				6581DA7B21390842004AA766 /* OPAnnotation */,
				6581DA9421390843004AA766 /* OPAnnotationTests */,
				6581DA9F21390843004AA766 /* OPAnnotationUITests */,
				6581DA7A21390842004AA766 /* Products */,
			);
			sourceTree = "<group>";
		};
		6581DA7A21390842004AA766 /* Products */ = {
			isa = PBXGroup;
			children = (
				6581DA7921390842004AA766 /* OPAnnotation.app */,
				6581DA9121390843004AA766 /* OPAnnotationTests.xctest */,
				6581DA9C21390843004AA766 /* OPAnnotationUITests.xctest */,
			);
			name = Products;
			sourceTree = "<group>";
		};
		6581DA7B21390842004AA766 /* OPAnnotation */ = {
			isa = PBXGroup;
			children = (
				6581DA7C21390842004AA766 /* AppDelegate.h */,
				6581DA7D21390842004AA766 /* AppDelegate.m */,
				6581DA7F21390842004AA766 /* ViewController.h */,
				6581DA8021390842004AA766 /* ViewController.m */,
				6581DA8221390842004AA766 /* Main.storyboard */,
				6581DA8521390843004AA766 /* Assets.xcassets */,
				6581DA8721390843004AA766 /* LaunchScreen.storyboard */,
				6581DA8A21390843004AA766 /* Info.plist */,
				6581DA8B21390843004AA766 /* main.m */,
				654C6A4F213E6040000405D2 /* OPFirstViewController.h */,
				654C6A50213E6040000405D2 /* OPFirstViewController.m */,
				654C6A52213E604C000405D2 /* OPTwoViewController.h */,
				654C6A53213E604C000405D2 /* OPTwoViewController.m */,
				654C6A55213E6057000405D2 /* OPThirdViewController.h */,
				654C6A56213E6057000405D2 /* OPThirdViewController.m */,
				654C6A58213E62D8000405D2 /* OPFourViewController.h */,
				654C6A59213E62D8000405D2 /* OPFourViewController.m */,
				654C6A5B213E6434000405D2 /* OPVCAnnotion.h */,
				654C6A5C213E6434000405D2 /* OPVCAnnotion.m */,
			);
			path = OPAnnotation;
			sourceTree = "<group>";
		};
		6581DA9421390843004AA766 /* OPAnnotationTests */ = {
			isa = PBXGroup;
			children = (
				6581DA9521390843004AA766 /* OPAnnotationTests.m */,
				6581DA9721390843004AA766 /* Info.plist */,
			);
			path = OPAnnotationTests;
			sourceTree = "<group>";
		};
		6581DA9F21390843004AA766 /* OPAnnotationUITests */ = {
			isa = PBXGroup;
			children = (
				6581DAA021390843004AA766 /* OPAnnotationUITests.m */,
				6581DAA221390843004AA766 /* Info.plist */,
			);
			path = OPAnnotationUITests;
			sourceTree = "<group>";
		};
		6581DAAE2139084C004AA766 /* OP */ = {
			isa = PBXGroup;
			children = (
				6581DAAF2139086B004AA766 /* OPBaseAnnotation.h */,
				6581DAB02139086B004AA766 /* OPBaseAnnotation.m */,
				6581DAB22139092C004AA766 /* OPAnnotationManager.h */,
				6581DAB32139092C004AA766 /* OPAnnotationManager.m */,
				6581DAB5213909B7004AA766 /* OPHead.h */,
				6581DAB621391184004AA766 /* NSObject+OPAnnotation.h */,
				6581DAB721391184004AA766 /* NSObject+OPAnnotation.m */,
				6581DABC2139308C004AA766 /* OPDefine.h */,
			);
			path = OP;
			sourceTree = "<group>";
		};
/* End PBXGroup section */

/* Begin PBXNativeTarget section */
		6581DA7821390842004AA766 /* OPAnnotation */ = {
			isa = PBXNativeTarget;
			buildConfigurationList = 6581DAA521390843004AA766 /* Build configuration list for PBXNativeTarget "OPAnnotation" */;
			buildPhases = (
				6581DA7521390842004AA766 /* Sources */,
				6581DA7621390842004AA766 /* Frameworks */,
				6581DA7721390842004AA766 /* Resources */,
			);
			buildRules = (
			);
			dependencies = (
			);
			name = OPAnnotation;
			productName = OPAnnotation;
			productReference = 6581DA7921390842004AA766 /* OPAnnotation.app */;
			productType = "com.apple.product-type.application";
		};
		6581DA9021390843004AA766 /* OPAnnotationTests */ = {
			isa = PBXNativeTarget;
			buildConfigurationList = 6581DAA821390843004AA766 /* Build configuration list for PBXNativeTarget "OPAnnotationTests" */;
			buildPhases = (
				6581DA8D21390843004AA766 /* Sources */,
				6581DA8E21390843004AA766 /* Frameworks */,
				6581DA8F21390843004AA766 /* Resources */,
			);
			buildRules = (
			);
			dependencies = (
				6581DA9321390843004AA766 /* PBXTargetDependency */,
			);
			name = OPAnnotationTests;
			productName = OPAnnotationTests;
			productReference = 6581DA9121390843004AA766 /* OPAnnotationTests.xctest */;
			productType = "com.apple.product-type.bundle.unit-test";
		};
		6581DA9B21390843004AA766 /* OPAnnotationUITests */ = {
			isa = PBXNativeTarget;
			buildConfigurationList = 6581DAAB21390843004AA766 /* Build configuration list for PBXNativeTarget "OPAnnotationUITests" */;
			buildPhases = (
				6581DA9821390843004AA766 /* Sources */,
				6581DA9921390843004AA766 /* Frameworks */,
				6581DA9A21390843004AA766 /* Resources */,
			);
			buildRules = (
			);
			dependencies = (
				6581DA9E21390843004AA766 /* PBXTargetDependency */,
			);
			name = OPAnnotationUITests;
			productName = OPAnnotationUITests;
			productReference = 6581DA9C21390843004AA766 /* OPAnnotationUITests.xctest */;
			productType = "com.apple.product-type.bundle.ui-testing";
		};
/* End PBXNativeTarget section */

/* Begin PBXProject section */
		6581DA7121390841004AA766 /* Project object */ = {
			isa = PBXProject;
			attributes = {
				LastUpgradeCheck = 0930;
				ORGANIZATIONNAME = "温杰";
				TargetAttributes = {
					6581DA7821390842004AA766 = {
						CreatedOnToolsVersion = 9.3.1;
					};
					6581DA9021390843004AA766 = {
						CreatedOnToolsVersion = 9.3.1;
						TestTargetID = 6581DA7821390842004AA766;
					};
					6581DA9B21390843004AA766 = {
						CreatedOnToolsVersion = 9.3.1;
						TestTargetID = 6581DA7821390842004AA766;
					};
				};
			};
			buildConfigurationList = 6581DA7421390841004AA766 /* Build configuration list for PBXProject "OPAnnotation" */;
			compatibilityVersion = "Xcode 9.3";
			developmentRegion = en;
			hasScannedForEncodings = 0;
			knownRegions = (
				en,
				Base,
			);
			mainGroup = 6581DA7021390841004AA766;
			productRefGroup = 6581DA7A21390842004AA766 /* Products */;
			projectDirPath = "";
			projectRoot = "";
			targets = (
				6581DA7821390842004AA766 /* OPAnnotation */,
				6581DA9021390843004AA766 /* OPAnnotationTests */,
				6581DA9B21390843004AA766 /* OPAnnotationUITests */,
			);
		};
/* End PBXProject section */

/* Begin PBXResourcesBuildPhase section */
		6581DA7721390842004AA766 /* Resources */ = {
			isa = PBXResourcesBuildPhase;
			buildActionMask = 2147483647;
			files = (
				6581DA8921390843004AA766 /* LaunchScreen.storyboard in Resources */,
				6581DA8621390843004AA766 /* Assets.xcassets in Resources */,
				6581DA8421390842004AA766 /* Main.storyboard in Resources */,
			);
			runOnlyForDeploymentPostprocessing = 0;
		};
		6581DA8F21390843004AA766 /* Resources */ = {
			isa = PBXResourcesBuildPhase;
			buildActionMask = 2147483647;
			files = (
			);
			runOnlyForDeploymentPostprocessing = 0;
		};
		6581DA9A21390843004AA766 /* Resources */ = {
			isa = PBXResourcesBuildPhase;
			buildActionMask = 2147483647;
			files = (
			);
			runOnlyForDeploymentPostprocessing = 0;
		};
/* End PBXResourcesBuildPhase section */

/* Begin PBXSourcesBuildPhase section */
		6581DA7521390842004AA766 /* Sources */ = {
			isa = PBXSourcesBuildPhase;
			buildActionMask = 2147483647;
			files = (
				6581DAB821391184004AA766 /* NSObject+OPAnnotation.m in Sources */,
				654C6A51213E6040000405D2 /* OPFirstViewController.m in Sources */,
				6581DA8121390842004AA766 /* ViewController.m in Sources */,
				6581DA8C21390843004AA766 /* main.m in Sources */,
				654C6A5D213E6434000405D2 /* OPVCAnnotion.m in Sources */,
				654C6A57213E6057000405D2 /* OPThirdViewController.m in Sources */,
				654C6A5A213E62D8000405D2 /* OPFourViewController.m in Sources */,
				6581DAB42139092C004AA766 /* OPAnnotationManager.m in Sources */,
				6581DAB12139086B004AA766 /* OPBaseAnnotation.m in Sources */,
				654C6A54213E604C000405D2 /* OPTwoViewController.m in Sources */,
				6581DA7E21390842004AA766 /* AppDelegate.m in Sources */,
			);
			runOnlyForDeploymentPostprocessing = 0;
		};
		6581DA8D21390843004AA766 /* Sources */ = {
			isa = PBXSourcesBuildPhase;
			buildActionMask = 2147483647;
			files = (
				6581DA9621390843004AA766 /* OPAnnotationTests.m in Sources */,
			);
			runOnlyForDeploymentPostprocessing = 0;
		};
		6581DA9821390843004AA766 /* Sources */ = {
			isa = PBXSourcesBuildPhase;
			buildActionMask = 2147483647;
			files = (
				6581DAA121390843004AA766 /* OPAnnotationUITests.m in Sources */,
			);
			runOnlyForDeploymentPostprocessing = 0;
		};
/* End PBXSourcesBuildPhase section */

/* Begin PBXTargetDependency section */
		6581DA9321390843004AA766 /* PBXTargetDependency */ = {
			isa = PBXTargetDependency;
			target = 6581DA7821390842004AA766 /* OPAnnotation */;
			targetProxy = 6581DA9221390843004AA766 /* PBXContainerItemProxy */;
		};
		6581DA9E21390843004AA766 /* PBXTargetDependency */ = {
			isa = PBXTargetDependency;
			target = 6581DA7821390842004AA766 /* OPAnnotation */;
			targetProxy = 6581DA9D21390843004AA766 /* PBXContainerItemProxy */;
		};
/* End PBXTargetDependency section */

/* Begin PBXVariantGroup section */
		6581DA8221390842004AA766 /* Main.storyboard */ = {
			isa = PBXVariantGroup;
			children = (
				6581DA8321390842004AA766 /* Base */,
			);
			name = Main.storyboard;
			sourceTree = "<group>";
		};
		6581DA8721390843004AA766 /* LaunchScreen.storyboard */ = {
			isa = PBXVariantGroup;
			children = (
				6581DA8821390843004AA766 /* Base */,
			);
			name = LaunchScreen.storyboard;
			sourceTree = "<group>";
		};
/* End PBXVariantGroup section */

/* Begin XCBuildConfiguration section */
		6581DAA321390843004AA766 /* Debug */ = {
			isa = XCBuildConfiguration;
			buildSettings = {
				ALWAYS_SEARCH_USER_PATHS = NO;
				CLANG_ANALYZER_NONNULL = YES;
				CLANG_ANALYZER_NUMBER_OBJECT_CONVERSION = YES_AGGRESSIVE;
				CLANG_CXX_LANGUAGE_STANDARD = "gnu++14";
				CLANG_CXX_LIBRARY = "libc++";
				CLANG_ENABLE_MODULES = YES;
				CLANG_ENABLE_OBJC_ARC = YES;
				CLANG_ENABLE_OBJC_WEAK = YES;
				CLANG_WARN_BLOCK_CAPTURE_AUTORELEASING = YES;
				CLANG_WARN_BOOL_CONVERSION = YES;
				CLANG_WARN_COMMA = YES;
				CLANG_WARN_CONSTANT_CONVERSION = YES;
				CLANG_WARN_DEPRECATED_OBJC_IMPLEMENTATIONS = YES;
				CLANG_WARN_DIRECT_OBJC_ISA_USAGE = YES_ERROR;
				CLANG_WARN_DOCUMENTATION_COMMENTS = YES;
				CLANG_WARN_EMPTY_BODY = YES;
				CLANG_WARN_ENUM_CONVERSION = YES;
				CLANG_WARN_INFINITE_RECURSION = YES;
				CLANG_WARN_INT_CONVERSION = YES;
				CLANG_WARN_NON_LITERAL_NULL_CONVERSION = YES;
				CLANG_WARN_OBJC_IMPLICIT_RETAIN_SELF = YES;
				CLANG_WARN_OBJC_LITERAL_CONVERSION = YES;
				CLANG_WARN_OBJC_ROOT_CLASS = YES_ERROR;
				CLANG_WARN_RANGE_LOOP_ANALYSIS = YES;
				CLANG_WARN_STRICT_PROTOTYPES = YES;
				CLANG_WARN_SUSPICIOUS_MOVE = YES;
				CLANG_WARN_UNGUARDED_AVAILABILITY = YES_AGGRESSIVE;
				CLANG_WARN_UNREACHABLE_CODE = YES;
				CLANG_WARN__DUPLICATE_METHOD_MATCH = YES;
				CODE_SIGN_IDENTITY = "iPhone Developer";
				COPY_PHASE_STRIP = NO;
				DEBUG_INFORMATION_FORMAT = dwarf;
				ENABLE_STRICT_OBJC_MSGSEND = YES;
				ENABLE_TESTABILITY = YES;
				GCC_C_LANGUAGE_STANDARD = gnu11;
				GCC_DYNAMIC_NO_PIC = NO;
				GCC_NO_COMMON_BLOCKS = YES;
				GCC_OPTIMIZATION_LEVEL = 0;
				GCC_PREPROCESSOR_DEFINITIONS = (
					"DEBUG=1",
					"$(inherited)",
				);
				GCC_WARN_64_TO_32_BIT_CONVERSION = YES;
				GCC_WARN_ABOUT_RETURN_TYPE = YES_ERROR;
				GCC_WARN_UNDECLARED_SELECTOR = YES;
				GCC_WARN_UNINITIALIZED_AUTOS = YES_AGGRESSIVE;
				GCC_WARN_UNUSED_FUNCTION = YES;
				GCC_WARN_UNUSED_VARIABLE = YES;
				IPHONEOS_DEPLOYMENT_TARGET = 11.3;
				MTL_ENABLE_DEBUG_INFO = YES;
				ONLY_ACTIVE_ARCH = YES;
				SDKROOT = iphoneos;
			};
			name = Debug;
		};
		6581DAA421390843004AA766 /* Release */ = {
			isa = XCBuildConfiguration;
			buildSettings = {
				ALWAYS_SEARCH_USER_PATHS = NO;
				CLANG_ANALYZER_NONNULL = YES;
				CLANG_ANALYZER_NUMBER_OBJECT_CONVERSION = YES_AGGRESSIVE;
				CLANG_CXX_LANGUAGE_STANDARD = "gnu++14";
				CLANG_CXX_LIBRARY = "libc++";
				CLANG_ENABLE_MODULES = YES;
				CLANG_ENABLE_OBJC_ARC = YES;
				CLANG_ENABLE_OBJC_WEAK = YES;
				CLANG_WARN_BLOCK_CAPTURE_AUTORELEASING = YES;
				CLANG_WARN_BOOL_CONVERSION = YES;
				CLANG_WARN_COMMA = YES;
				CLANG_WARN_CONSTANT_CONVERSION = YES;
				CLANG_WARN_DEPRECATED_OBJC_IMPLEMENTATIONS = YES;
				CLANG_WARN_DIRECT_OBJC_ISA_USAGE = YES_ERROR;
				CLANG_WARN_DOCUMENTATION_COMMENTS = YES;
				CLANG_WARN_EMPTY_BODY = YES;
				CLANG_WARN_ENUM_CONVERSION = YES;
				CLANG_WARN_INFINITE_RECURSION = YES;
				CLANG_WARN_INT_CONVERSION = YES;
				CLANG_WARN_NON_LITERAL_NULL_CONVERSION = YES;
				CLANG_WARN_OBJC_IMPLICIT_RETAIN_SELF = YES;
				CLANG_WARN_OBJC_LITERAL_CONVERSION = YES;
				CLANG_WARN_OBJC_ROOT_CLASS = YES_ERROR;
				CLANG_WARN_RANGE_LOOP_ANALYSIS = YES;
				CLANG_WARN_STRICT_PROTOTYPES = YES;
				CLANG_WARN_SUSPICIOUS_MOVE = YES;
				CLANG_WARN_UNGUARDED_AVAILABILITY = YES_AGGRESSIVE;
				CLANG_WARN_UNREACHABLE_CODE = YES;
				CLANG_WARN__DUPLICATE_METHOD_MATCH = YES;
				CODE_SIGN_IDENTITY = "iPhone Developer";
				COPY_PHASE_STRIP = NO;
				DEBUG_INFORMATION_FORMAT = "dwarf-with-dsym";
				ENABLE_NS_ASSERTIONS = NO;
				ENABLE_STRICT_OBJC_MSGSEND = YES;
				GCC_C_LANGUAGE_STANDARD = gnu11;
				GCC_NO_COMMON_BLOCKS = YES;
				GCC_WARN_64_TO_32_BIT_CONVERSION = YES;
				GCC_WARN_ABOUT_RETURN_TYPE = YES_ERROR;
				GCC_WARN_UNDECLARED_SELECTOR = YES;
				GCC_WARN_UNINITIALIZED_AUTOS = YES_AGGRESSIVE;
				GCC_WARN_UNUSED_FUNCTION = YES;
				GCC_WARN_UNUSED_VARIABLE = YES;
				IPHONEOS_DEPLOYMENT_TARGET = 11.3;
				MTL_ENABLE_DEBUG_INFO = NO;
				SDKROOT = iphoneos;
				VALIDATE_PRODUCT = YES;
			};
			name = Release;
		};
		6581DAA621390843004AA766 /* Debug */ = {
			isa = XCBuildConfiguration;
			buildSettings = {
				ASSETCATALOG_COMPILER_APPICON_NAME = AppIcon;
				CODE_SIGN_STYLE = Automatic;
				DEVELOPMENT_TEAM = K7Q4CW468Q;
				INFOPLIST_FILE = OPAnnotation/Info.plist;
				LD_RUNPATH_SEARCH_PATHS = (
					"$(inherited)",
					"@executable_path/Frameworks",
				);
				PRODUCT_BUNDLE_IDENTIFIER = ETCP.OPAnnotation;
				PRODUCT_NAME = "$(TARGET_NAME)";
				TARGETED_DEVICE_FAMILY = "1,2";
			};
			name = Debug;
		};
		6581DAA721390843004AA766 /* Release */ = {
			isa = XCBuildConfiguration;
			buildSettings = {
				ASSETCATALOG_COMPILER_APPICON_NAME = AppIcon;
				CODE_SIGN_STYLE = Automatic;
				DEVELOPMENT_TEAM = K7Q4CW468Q;
				INFOPLIST_FILE = OPAnnotation/Info.plist;
				LD_RUNPATH_SEARCH_PATHS = (
					"$(inherited)",
					"@executable_path/Frameworks",
				);
				PRODUCT_BUNDLE_IDENTIFIER = ETCP.OPAnnotation;
				PRODUCT_NAME = "$(TARGET_NAME)";
				TARGETED_DEVICE_FAMILY = "1,2";
			};
			name = Release;
		};
		6581DAA921390843004AA766 /* Debug */ = {
			isa = XCBuildConfiguration;
			buildSettings = {
				BUNDLE_LOADER = "$(TEST_HOST)";
				CODE_SIGN_STYLE = Automatic;
				DEVELOPMENT_TEAM = K7Q4CW468Q;
				INFOPLIST_FILE = OPAnnotationTests/Info.plist;
				LD_RUNPATH_SEARCH_PATHS = (
					"$(inherited)",
					"@executable_path/Frameworks",
					"@loader_path/Frameworks",
				);
				PRODUCT_BUNDLE_IDENTIFIER = ETCP.OPAnnotationTests;
				PRODUCT_NAME = "$(TARGET_NAME)";
				TARGETED_DEVICE_FAMILY = "1,2";
				TEST_HOST = "$(BUILT_PRODUCTS_DIR)/OPAnnotation.app/OPAnnotation";
			};
			name = Debug;
		};
		6581DAAA21390843004AA766 /* Release */ = {
			isa = XCBuildConfiguration;
			buildSettings = {
				BUNDLE_LOADER = "$(TEST_HOST)";
				CODE_SIGN_STYLE = Automatic;
				DEVELOPMENT_TEAM = K7Q4CW468Q;
				INFOPLIST_FILE = OPAnnotationTests/Info.plist;
				LD_RUNPATH_SEARCH_PATHS = (
					"$(inherited)",
					"@executable_path/Frameworks",
					"@loader_path/Frameworks",
				);
				PRODUCT_BUNDLE_IDENTIFIER = ETCP.OPAnnotationTests;
				PRODUCT_NAME = "$(TARGET_NAME)";
				TARGETED_DEVICE_FAMILY = "1,2";
				TEST_HOST = "$(BUILT_PRODUCTS_DIR)/OPAnnotation.app/OPAnnotation";
			};
			name = Release;
		};
		6581DAAC21390843004AA766 /* Debug */ = {
			isa = XCBuildConfiguration;
			buildSettings = {
				CODE_SIGN_STYLE = Automatic;
				DEVELOPMENT_TEAM = K7Q4CW468Q;
				INFOPLIST_FILE = OPAnnotationUITests/Info.plist;
				LD_RUNPATH_SEARCH_PATHS = (
					"$(inherited)",
					"@executable_path/Frameworks",
					"@loader_path/Frameworks",
				);
				PRODUCT_BUNDLE_IDENTIFIER = ETCP.OPAnnotationUITests;
				PRODUCT_NAME = "$(TARGET_NAME)";
				TARGETED_DEVICE_FAMILY = "1,2";
				TEST_TARGET_NAME = OPAnnotation;
			};
			name = Debug;
		};
		6581DAAD21390843004AA766 /* Release */ = {
			isa = XCBuildConfiguration;
			buildSettings = {
				CODE_SIGN_STYLE = Automatic;
				DEVELOPMENT_TEAM = K7Q4CW468Q;
				INFOPLIST_FILE = OPAnnotationUITests/Info.plist;
				LD_RUNPATH_SEARCH_PATHS = (
					"$(inherited)",
					"@executable_path/Frameworks",
					"@loader_path/Frameworks",
				);
				PRODUCT_BUNDLE_IDENTIFIER = ETCP.OPAnnotationUITests;
				PRODUCT_NAME = "$(TARGET_NAME)";
				TARGETED_DEVICE_FAMILY = "1,2";
				TEST_TARGET_NAME = OPAnnotation;
			};
			name = Release;
		};
/* End XCBuildConfiguration section */

/* Begin XCConfigurationList section */
		6581DA7421390841004AA766 /* Build configuration list for PBXProject "OPAnnotation" */ = {
			isa = XCConfigurationList;
			buildConfigurations = (
				6581DAA321390843004AA766 /* Debug */,
				6581DAA421390843004AA766 /* Release */,
			);
			defaultConfigurationIsVisible = 0;
			defaultConfigurationName = Release;
		};
		6581DAA521390843004AA766 /* Build configuration list for PBXNativeTarget "OPAnnotation" */ = {
			isa = XCConfigurationList;
			buildConfigurations = (
				6581DAA621390843004AA766 /* Debug */,
				6581DAA721390843004AA766 /* Release */,
			);
			defaultConfigurationIsVisible = 0;
			defaultConfigurationName = Release;
		};
		6581DAA821390843004AA766 /* Build configuration list for PBXNativeTarget "OPAnnotationTests" */ = {
			isa = XCConfigurationList;
			buildConfigurations = (
				6581DAA921390843004AA766 /* Debug */,
				6581DAAA21390843004AA766 /* Release */,
			);
			defaultConfigurationIsVisible = 0;
			defaultConfigurationName = Release;
		};
		6581DAAB21390843004AA766 /* Build configuration list for PBXNativeTarget "OPAnnotationUITests" */ = {
			isa = XCConfigurationList;
			buildConfigurations = (
				6581DAAC21390843004AA766 /* Debug */,
				6581DAAD21390843004AA766 /* Release */,
			);
			defaultConfigurationIsVisible = 0;
			defaultConfigurationName = Release;
		};
/* End XCConfigurationList section */
	};
	rootObject = 6581DA7121390841004AA766 /* Project object */;
}
